
Microsoft Visual Studio Solution File, Format Version 12.00
# Visual Studio Version 17
VisualStudioVersion = 17.4.33213.308
MinimumVisualStudioVersion = 10.0.40219.1
Project("{FAE04EC0-301F-11D3-BF4B-00C04F79EFBC}") = "Övning 16 – Industriell maskinpark –.Server", "Övning 16 – Industriell maskinpark –\Server\Övning 16 – Industriell maskinpark –.Server.csproj", "{9B6E8881-D2D3-410C-B38F-C2E0167746FF}"
EndProject
Project("{FAE04EC0-301F-11D3-BF4B-00C04F79EFBC}") = "Övning 16 – Industriell maskinpark –.Client", "Övning 16 – Industriell maskinpark –\Client\Övning 16 – Industriell maskinpark –.Client.csproj", "{2AF80672-8331-44F3-AEC9-39D419581B0C}"
EndProject
Project("{FAE04EC0-301F-11D3-BF4B-00C04F79EFBC}") = "Övning 16 – Industriell maskinpark –.Shared", "Övning 16 – Industriell maskinpark –\Shared\Övning 16 – Industriell maskinpark –.Shared.csproj", "{312D6F0E-06E2-4DAD-8FC4-361CCAA12988}"
EndProject
Global
	GlobalSection(SolutionConfigurationPlatforms) = preSolution
		Debug|Any CPU = Debug|Any CPU
		Release|Any CPU = Release|Any CPU
	EndGlobalSection
	GlobalSection(ProjectConfigurationPlatforms) = postSolution
		{9B6E8881-D2D3-410C-B38F-C2E0167746FF}.Debug|Any CPU.ActiveCfg = Debug|Any CPU
		{9B6E8881-D2D3-410C-B38F-C2E0167746FF}.Debug|Any CPU.Build.0 = Debug|Any CPU
		{9B6E8881-D2D3-410C-B38F-C2E0167746FF}.Release|Any CPU.ActiveCfg = Release|Any CPU
		{9B6E8881-D2D3-410C-B38F-C2E0167746FF}.Release|Any CPU.Build.0 = Release|Any CPU
		{2AF80672-8331-44F3-AEC9-39D419581B0C}.Debug|Any CPU.ActiveCfg = Debug|Any CPU
		{2AF80672-8331-44F3-AEC9-39D419581B0C}.Debug|Any CPU.Build.0 = Debug|Any CPU
		{2AF80672-8331-44F3-AEC9-39D419581B0C}.Release|Any CPU.ActiveCfg = Release|Any CPU
		{2AF80672-8331-44F3-AEC9-39D419581B0C}.Release|Any CPU.Build.0 = Release|Any CPU
		{312D6F0E-06E2-4DAD-8FC4-361CCAA12988}.Debug|Any CPU.ActiveCfg = Debug|Any CPU
		{312D6F0E-06E2-4DAD-8FC4-361CCAA12988}.Debug|Any CPU.Build.0 = Debug|Any CPU
		{312D6F0E-06E2-4DAD-8FC4-361CCAA12988}.Release|Any CPU.ActiveCfg = Release|Any CPU
		{312D6F0E-06E2-4DAD-8FC4-361CCAA12988}.Release|Any CPU.Build.0 = Release|Any CPU
	EndGlobalSection
	GlobalSection(SolutionProperties) = preSolution
		HideSolutionNode = FALSE
	EndGlobalSection
	GlobalSection(ExtensibilityGlobals) = postSolution
		SolutionGuid = {59E3B8C4-3241-4F45-B1C5-234FD1A6D95A}
	EndGlobalSection
EndGlobal
